
Microsoft Visual Studio Solution File, Format Version 12.00
# Visual Studio 15
VisualStudioVersion = 15.0.27703.2047
MinimumVisualStudioVersion = 10.0.40219.1
Project("{2150E333-8FDC-42A3-9474-1A3956D46DE8}") = "Calculator", "Calculator", "{95CFF7C8-0BEC-48E3-817F-FDE0D5D3D748}"
	ProjectSection(SolutionItems) = preProject
		calc-functions.js = calc-functions.js
		calc-style.css = calc-style.css
		Calc.html = Calc.html
	EndProjectSection
EndProject
Global
	GlobalSection(SolutionProperties) = preSolution
		HideSolutionNode = FALSE
	EndGlobalSection
	GlobalSection(ExtensibilityGlobals) = postSolution
		SolutionGuid = {774B4178-F34A-454C-BAFA-A39D388D6F53}
	EndGlobalSection
EndGlobal
